
Microsoft Visual Studio Solution File, Format Version 12.00
# Visual Studio Version 17
VisualStudioVersion = 17.6.33712.159
MinimumVisualStudioVersion = 10.0.40219.1
Project("{FAE04EC0-301F-11D3-BF4B-00C04F79EFBC}") = "memoria dinamica", "memoria dinamica\memoria dinamica.csproj", "{B8E8FCB0-54E3-4694-ACA3-151F58A65C0E}"
EndProject
Global
	GlobalSection(SolutionConfigurationPlatforms) = preSolution
		Debug|Any CPU = Debug|Any CPU
		Release|Any CPU = Release|Any CPU
	EndGlobalSection
	GlobalSection(ProjectConfigurationPlatforms) = postSolution
		{B8E8FCB0-54E3-4694-ACA3-151F58A65C0E}.Debug|Any CPU.ActiveCfg = Debug|Any CPU
		{B8E8FCB0-54E3-4694-ACA3-151F58A65C0E}.Debug|Any CPU.Build.0 = Debug|Any CPU
		{B8E8FCB0-54E3-4694-ACA3-151F58A65C0E}.Release|Any CPU.ActiveCfg = Release|Any CPU
		{B8E8FCB0-54E3-4694-ACA3-151F58A65C0E}.Release|Any CPU.Build.0 = Release|Any CPU
	EndGlobalSection
	GlobalSection(SolutionProperties) = preSolution
		HideSolutionNode = FALSE
	EndGlobalSection
	GlobalSection(ExtensibilityGlobals) = postSolution
		SolutionGuid = {97FAF4FF-DD55-4742-BB7E-6A413873F84A}
	EndGlobalSection
EndGlobal
